
Microsoft Visual Studio Solution File, Format Version 12.00
# Visual Studio 15
VisualStudioVersion = 15.0.28010.2050
MinimumVisualStudioVersion = 10.0.40219.1
Project("{FAE04EC0-301F-11D3-BF4B-00C04F79EFBC}") = "Processamento de dados", "Processamento de dados\Processamento de dados.csproj", "{C07529B8-EAB8-4736-9162-23FCDCE927EE}"
EndProject
Global
	GlobalSection(SolutionConfigurationPlatforms) = preSolution
		Debug|Any CPU = Debug|Any CPU
		Release|Any CPU = Release|Any CPU
	EndGlobalSection
	GlobalSection(ProjectConfigurationPlatforms) = postSolution
		{C07529B8-EAB8-4736-9162-23FCDCE927EE}.Debug|Any CPU.ActiveCfg = Debug|Any CPU
		{C07529B8-EAB8-4736-9162-23FCDCE927EE}.Debug|Any CPU.Build.0 = Debug|Any CPU
		{C07529B8-EAB8-4736-9162-23FCDCE927EE}.Release|Any CPU.ActiveCfg = Release|Any CPU
		{C07529B8-EAB8-4736-9162-23FCDCE927EE}.Release|Any CPU.Build.0 = Release|Any CPU
	EndGlobalSection
	GlobalSection(SolutionProperties) = preSolution
		HideSolutionNode = FALSE
	EndGlobalSection
	GlobalSection(ExtensibilityGlobals) = postSolution
		SolutionGuid = {FBAD432B-EEDD-4020-BCCD-0D248D5977C8}
	EndGlobalSection
EndGlobal
